// !$*UTF8*$!
{
	archiveVersion = 1;
	classes = {
	};
	objectVersion = 50;
	objects = {

/* Begin PBXBuildFile section */
		A67D38F425DBCBEA00B8B309 /* AppDelegate.swift in Sources */ = {isa = PBXBuildFile; fileRef = A67D38F325DBCBEA00B8B309 /* AppDelegate.swift */; };
		A67D38F625DBCBEA00B8B309 /* SceneDelegate.swift in Sources */ = {isa = PBXBuildFile; fileRef = A67D38F525DBCBEA00B8B309 /* SceneDelegate.swift */; };
		A67D38FB25DBCBEA00B8B309 /* Main.storyboard in Resources */ = {isa = PBXBuildFile; fileRef = A67D38F925DBCBEA00B8B309 /* Main.storyboard */; };
		A67D38FD25DBCBEB00B8B309 /* Assets.xcassets in Resources */ = {isa = PBXBuildFile; fileRef = A67D38FC25DBCBEB00B8B309 /* Assets.xcassets */; };
		A67D390025DBCBEB00B8B309 /* LaunchScreen.storyboard in Resources */ = {isa = PBXBuildFile; fileRef = A67D38FE25DBCBEB00B8B309 /* LaunchScreen.storyboard */; };
		A67D390C25DBD03800B8B309 /* NewsHeadlineTableViewController.swift in Sources */ = {isa = PBXBuildFile; fileRef = A67D390B25DBD03800B8B309 /* NewsHeadlineTableViewController.swift */; };
		A67D391025DBD08B00B8B309 /* ThemeManager.swift in Sources */ = {isa = PBXBuildFile; fileRef = A67D390F25DBD08B00B8B309 /* ThemeManager.swift */; };
		A67D391625DBD54000B8B309 /* NewsHeadlineTableViewCell.swift in Sources */ = {isa = PBXBuildFile; fileRef = A67D391525DBD54000B8B309 /* NewsHeadlineTableViewCell.swift */; };
/* End PBXBuildFile section */

/* Begin PBXFileReference section */
		A67D38F025DBCBEA00B8B309 /* News App v2.app */ = {isa = PBXFileReference; explicitFileType = wrapper.application; includeInIndex = 0; path = "News App v2.app"; sourceTree = BUILT_PRODUCTS_DIR; };
		A67D38F325DBCBEA00B8B309 /* AppDelegate.swift */ = {isa = PBXFileReference; lastKnownFileType = sourcecode.swift; path = AppDelegate.swift; sourceTree = "<group>"; };
		A67D38F525DBCBEA00B8B309 /* SceneDelegate.swift */ = {isa = PBXFileReference; lastKnownFileType = sourcecode.swift; path = SceneDelegate.swift; sourceTree = "<group>"; };
		A67D38FA25DBCBEA00B8B309 /* Base */ = {isa = PBXFileReference; lastKnownFileType = file.storyboard; name = Base; path = Base.lproj/Main.storyboard; sourceTree = "<group>"; };
		A67D38FC25DBCBEB00B8B309 /* Assets.xcassets */ = {isa = PBXFileReference; lastKnownFileType = folder.assetcatalog; path = Assets.xcassets; sourceTree = "<group>"; };
		A67D38FF25DBCBEB00B8B309 /* Base */ = {isa = PBXFileReference; lastKnownFileType = file.storyboard; name = Base; path = Base.lproj/LaunchScreen.storyboard; sourceTree = "<group>"; };
		A67D390125DBCBEB00B8B309 /* Info.plist */ = {isa = PBXFileReference; lastKnownFileType = text.plist.xml; path = Info.plist; sourceTree = "<group>"; };
		A67D390B25DBD03800B8B309 /* NewsHeadlineTableViewController.swift */ = {isa = PBXFileReference; lastKnownFileType = sourcecode.swift; path = NewsHeadlineTableViewController.swift; sourceTree = "<group>"; };
		A67D390F25DBD08B00B8B309 /* ThemeManager.swift */ = {isa = PBXFileReference; lastKnownFileType = sourcecode.swift; path = ThemeManager.swift; sourceTree = "<group>"; };
		A67D391525DBD54000B8B309 /* NewsHeadlineTableViewCell.swift */ = {isa = PBXFileReference; lastKnownFileType = sourcecode.swift; path = NewsHeadlineTableViewCell.swift; sourceTree = "<group>"; };
/* End PBXFileReference section */

/* Begin PBXFrameworksBuildPhase section */
		A67D38ED25DBCBEA00B8B309 /* Frameworks */ = {
			isa = PBXFrameworksBuildPhase;
			buildActionMask = 2147483647;
			files = (
			);
			runOnlyForDeploymentPostprocessing = 0;
		};
/* End PBXFrameworksBuildPhase section */

/* Begin PBXGroup section */
		A67D38E725DBCBEA00B8B309 = {
			isa = PBXGroup;
			children = (
				A67D38F225DBCBEA00B8B309 /* News App v2 */,
				A67D38F125DBCBEA00B8B309 /* Products */,
			);
			sourceTree = "<group>";
		};
		A67D38F125DBCBEA00B8B309 /* Products */ = {
			isa = PBXGroup;
			children = (
				A67D38F025DBCBEA00B8B309 /* News App v2.app */,
			);
			name = Products;
			sourceTree = "<group>";
		};
		A67D38F225DBCBEA00B8B309 /* News App v2 */ = {
			isa = PBXGroup;
			children = (
				A67D391425DBD53000B8B309 /* Cells */,
				A67D390E25DBD07A00B8B309 /* Managers */,
				A67D390925DBCFE700B8B309 /* Controllers */,
				A67D38F325DBCBEA00B8B309 /* AppDelegate.swift */,
				A67D38F525DBCBEA00B8B309 /* SceneDelegate.swift */,
				A67D38F925DBCBEA00B8B309 /* Main.storyboard */,
				A67D38FC25DBCBEB00B8B309 /* Assets.xcassets */,
				A67D38FE25DBCBEB00B8B309 /* LaunchScreen.storyboard */,
				A67D390125DBCBEB00B8B309 /* Info.plist */,
			);
			path = "News App v2";
			sourceTree = "<group>";
		};
		A67D390925DBCFE700B8B309 /* Controllers */ = {
			isa = PBXGroup;
			children = (
				A67D390B25DBD03800B8B309 /* NewsHeadlineTableViewController.swift */,
			);
			path = Controllers;
			sourceTree = "<group>";
		};
		A67D390E25DBD07A00B8B309 /* Managers */ = {
			isa = PBXGroup;
			children = (
				A67D390F25DBD08B00B8B309 /* ThemeManager.swift */,
			);
			path = Managers;
			sourceTree = "<group>";
		};
		A67D391425DBD53000B8B309 /* Cells */ = {
			isa = PBXGroup;
			children = (
				A67D391525DBD54000B8B309 /* NewsHeadlineTableViewCell.swift */,
			);
			path = Cells;
			sourceTree = "<group>";
		};
/* End PBXGroup section */

/* Begin PBXNativeTarget section */
		A67D38EF25DBCBEA00B8B309 /* News App v2 */ = {
			isa = PBXNativeTarget;
			buildConfigurationList = A67D390425DBCBEB00B8B309 /* Build configuration list for PBXNativeTarget "News App v2" */;
			buildPhases = (
				A67D38EC25DBCBEA00B8B309 /* Sources */,
				A67D38ED25DBCBEA00B8B309 /* Frameworks */,
				A67D38EE25DBCBEA00B8B309 /* Resources */,
			);
			buildRules = (
			);
			dependencies = (
			);
			name = "News App v2";
			productName = "News App v2";
			productReference = A67D38F025DBCBEA00B8B309 /* News App v2.app */;
			productType = "com.apple.product-type.application";
		};
/* End PBXNativeTarget section */

/* Begin PBXProject section */
		A67D38E825DBCBEA00B8B309 /* Project object */ = {
			isa = PBXProject;
			attributes = {
				LastSwiftUpdateCheck = 1240;
				LastUpgradeCheck = 1240;
				TargetAttributes = {
					A67D38EF25DBCBEA00B8B309 = {
						CreatedOnToolsVersion = 12.4;
					};
				};
			};
			buildConfigurationList = A67D38EB25DBCBEA00B8B309 /* Build configuration list for PBXProject "News App v2" */;
			compatibilityVersion = "Xcode 9.3";
			developmentRegion = en;
			hasScannedForEncodings = 0;
			knownRegions = (
				en,
				Base,
			);
			mainGroup = A67D38E725DBCBEA00B8B309;
			productRefGroup = A67D38F125DBCBEA00B8B309 /* Products */;
			projectDirPath = "";
			projectRoot = "";
			targets = (
				A67D38EF25DBCBEA00B8B309 /* News App v2 */,
			);
		};
/* End PBXProject section */

/* Begin PBXResourcesBuildPhase section */
		A67D38EE25DBCBEA00B8B309 /* Resources */ = {
			isa = PBXResourcesBuildPhase;
			buildActionMask = 2147483647;
			files = (
				A67D390025DBCBEB00B8B309 /* LaunchScreen.storyboard in Resources */,
				A67D38FD25DBCBEB00B8B309 /* Assets.xcassets in Resources */,
				A67D38FB25DBCBEA00B8B309 /* Main.storyboard in Resources */,
			);
			runOnlyForDeploymentPostprocessing = 0;
		};
/* End PBXResourcesBuildPhase section */

/* Begin PBXSourcesBuildPhase section */
		A67D38EC25DBCBEA00B8B309 /* Sources */ = {
			isa = PBXSourcesBuildPhase;
			buildActionMask = 2147483647;
			files = (
				A67D38F425DBCBEA00B8B309 /* AppDelegate.swift in Sources */,
				A67D391625DBD54000B8B309 /* NewsHeadlineTableViewCell.swift in Sources */,
				A67D38F625DBCBEA00B8B309 /* SceneDelegate.swift in Sources */,
				A67D390C25DBD03800B8B309 /* NewsHeadlineTableViewController.swift in Sources */,
				A67D391025DBD08B00B8B309 /* ThemeManager.swift in Sources */,
			);
			runOnlyForDeploymentPostprocessing = 0;
		};
/* End PBXSourcesBuildPhase section */

/* Begin PBXVariantGroup section */
		A67D38F925DBCBEA00B8B309 /* Main.storyboard */ = {
			isa = PBXVariantGroup;
			children = (
				A67D38FA25DBCBEA00B8B309 /* Base */,
			);
			name = Main.storyboard;
			sourceTree = "<group>";
		};
		A67D38FE25DBCBEB00B8B309 /* LaunchScreen.storyboard */ = {
			isa = PBXVariantGroup;
			children = (
				A67D38FF25DBCBEB00B8B309 /* Base */,
			);
			name = LaunchScreen.storyboard;
			sourceTree = "<group>";
		};
/* End PBXVariantGroup section */

/* Begin XCBuildConfiguration section */
		A67D390225DBCBEB00B8B309 /* Debug */ = {
			isa = XCBuildConfiguration;
			buildSettings = {
				ALWAYS_SEARCH_USER_PATHS = NO;
				CLANG_ANALYZER_NONNULL = YES;
				CLANG_ANALYZER_NUMBER_OBJECT_CONVERSION = YES_AGGRESSIVE;
				CLANG_CXX_LANGUAGE_STANDARD = "gnu++14";
				CLANG_CXX_LIBRARY = "libc++";
				CLANG_ENABLE_MODULES = YES;
				CLANG_ENABLE_OBJC_ARC = YES;
				CLANG_ENABLE_OBJC_WEAK = YES;
				CLANG_WARN_BLOCK_CAPTURE_AUTORELEASING = YES;
				CLANG_WARN_BOOL_CONVERSION = YES;
				CLANG_WARN_COMMA = YES;
				CLANG_WARN_CONSTANT_CONVERSION = YES;
				CLANG_WARN_DEPRECATED_OBJC_IMPLEMENTATIONS = YES;
				CLANG_WARN_DIRECT_OBJC_ISA_USAGE = YES_ERROR;
				CLANG_WARN_DOCUMENTATION_COMMENTS = YES;
				CLANG_WARN_EMPTY_BODY = YES;
				CLANG_WARN_ENUM_CONVERSION = YES;
				CLANG_WARN_INFINITE_RECURSION = YES;
				CLANG_WARN_INT_CONVERSION = YES;
				CLANG_WARN_NON_LITERAL_NULL_CONVERSION = YES;
				CLANG_WARN_OBJC_IMPLICIT_RETAIN_SELF = YES;
				CLANG_WARN_OBJC_LITERAL_CONVERSION = YES;
				CLANG_WARN_OBJC_ROOT_CLASS = YES_ERROR;
				CLANG_WARN_QUOTED_INCLUDE_IN_FRAMEWORK_HEADER = YES;
				CLANG_WARN_RANGE_LOOP_ANALYSIS = YES;
				CLANG_WARN_STRICT_PROTOTYPES = YES;
				CLANG_WARN_SUSPICIOUS_MOVE = YES;
				CLANG_WARN_UNGUARDED_AVAILABILITY = YES_AGGRESSIVE;
				CLANG_WARN_UNREACHABLE_CODE = YES;
				CLANG_WARN__DUPLICATE_METHOD_MATCH = YES;
				COPY_PHASE_STRIP = NO;
				DEBUG_INFORMATION_FORMAT = dwarf;
				ENABLE_STRICT_OBJC_MSGSEND = YES;
				ENABLE_TESTABILITY = YES;
				GCC_C_LANGUAGE_STANDARD = gnu11;
				GCC_DYNAMIC_NO_PIC = NO;
				GCC_NO_COMMON_BLOCKS = YES;
				GCC_OPTIMIZATION_LEVEL = 0;
				GCC_PREPROCESSOR_DEFINITIONS = (
					"DEBUG=1",
					"$(inherited)",
				);
				GCC_WARN_64_TO_32_BIT_CONVERSION = YES;
				GCC_WARN_ABOUT_RETURN_TYPE = YES_ERROR;
				GCC_WARN_UNDECLARED_SELECTOR = YES;
				GCC_WARN_UNINITIALIZED_AUTOS = YES_AGGRESSIVE;
				GCC_WARN_UNUSED_FUNCTION = YES;
				GCC_WARN_UNUSED_VARIABLE = YES;
				IPHONEOS_DEPLOYMENT_TARGET = 14.4;
				MTL_ENABLE_DEBUG_INFO = INCLUDE_SOURCE;
				MTL_FAST_MATH = YES;
				ONLY_ACTIVE_ARCH = YES;
				SDKROOT = iphoneos;
				SWIFT_ACTIVE_COMPILATION_CONDITIONS = DEBUG;
				SWIFT_OPTIMIZATION_LEVEL = "-Onone";
			};
			name = Debug;
		};
		A67D390325DBCBEB00B8B309 /* Release */ = {
			isa = XCBuildConfiguration;
			buildSettings = {
				ALWAYS_SEARCH_USER_PATHS = NO;
				CLANG_ANALYZER_NONNULL = YES;
				CLANG_ANALYZER_NUMBER_OBJECT_CONVERSION = YES_AGGRESSIVE;
				CLANG_CXX_LANGUAGE_STANDARD = "gnu++14";
				CLANG_CXX_LIBRARY = "libc++";
				CLANG_ENABLE_MODULES = YES;
				CLANG_ENABLE_OBJC_ARC = YES;
				CLANG_ENABLE_OBJC_WEAK = YES;
				CLANG_WARN_BLOCK_CAPTURE_AUTORELEASING = YES;
				CLANG_WARN_BOOL_CONVERSION = YES;
				CLANG_WARN_COMMA = YES;
				CLANG_WARN_CONSTANT_CONVERSION = YES;
				CLANG_WARN_DEPRECATED_OBJC_IMPLEMENTATIONS = YES;
				CLANG_WARN_DIRECT_OBJC_ISA_USAGE = YES_ERROR;
				CLANG_WARN_DOCUMENTATION_COMMENTS = YES;
				CLANG_WARN_EMPTY_BODY = YES;
				CLANG_WARN_ENUM_CONVERSION = YES;
				CLANG_WARN_INFINITE_RECURSION = YES;
				CLANG_WARN_INT_CONVERSION = YES;
				CLANG_WARN_NON_LITERAL_NULL_CONVERSION = YES;
				CLANG_WARN_OBJC_IMPLICIT_RETAIN_SELF = YES;
				CLANG_WARN_OBJC_LITERAL_CONVERSION = YES;
				CLANG_WARN_OBJC_ROOT_CLASS = YES_ERROR;
				CLANG_WARN_QUOTED_INCLUDE_IN_FRAMEWORK_HEADER = YES;
				CLANG_WARN_RANGE_LOOP_ANALYSIS = YES;
				CLANG_WARN_STRICT_PROTOTYPES = YES;
				CLANG_WARN_SUSPICIOUS_MOVE = YES;
				CLANG_WARN_UNGUARDED_AVAILABILITY = YES_AGGRESSIVE;
				CLANG_WARN_UNREACHABLE_CODE = YES;
				CLANG_WARN__DUPLICATE_METHOD_MATCH = YES;
				COPY_PHASE_STRIP = NO;
				DEBUG_INFORMATION_FORMAT = "dwarf-with-dsym";
				ENABLE_NS_ASSERTIONS = NO;
				ENABLE_STRICT_OBJC_MSGSEND = YES;
				GCC_C_LANGUAGE_STANDARD = gnu11;
				GCC_NO_COMMON_BLOCKS = YES;
				GCC_WARN_64_TO_32_BIT_CONVERSION = YES;
				GCC_WARN_ABOUT_RETURN_TYPE = YES_ERROR;
				GCC_WARN_UNDECLARED_SELECTOR = YES;
				GCC_WARN_UNINITIALIZED_AUTOS = YES_AGGRESSIVE;
				GCC_WARN_UNUSED_FUNCTION = YES;
				GCC_WARN_UNUSED_VARIABLE = YES;
				IPHONEOS_DEPLOYMENT_TARGET = 14.4;
				MTL_ENABLE_DEBUG_INFO = NO;
				MTL_FAST_MATH = YES;
				SDKROOT = iphoneos;
				SWIFT_COMPILATION_MODE = wholemodule;
				SWIFT_OPTIMIZATION_LEVEL = "-O";
				VALIDATE_PRODUCT = YES;
			};
			name = Release;
		};
		A67D390525DBCBEB00B8B309 /* Debug */ = {
			isa = XCBuildConfiguration;
			buildSettings = {
				ASSETCATALOG_COMPILER_APPICON_NAME = AppIcon;
				ASSETCATALOG_COMPILER_GLOBAL_ACCENT_COLOR_NAME = AccentColor;
				CODE_SIGN_STYLE = Automatic;
				DEVELOPMENT_TEAM = T792HGNPDD;
				INFOPLIST_FILE = "News App v2/Info.plist";
				LD_RUNPATH_SEARCH_PATHS = (
					"$(inherited)",
					"@executable_path/Frameworks",
				);
				PRODUCT_BUNDLE_IDENTIFIER = "com.senducusin.News-App-v2";
				PRODUCT_NAME = "$(TARGET_NAME)";
				SWIFT_VERSION = 5.0;
				TARGETED_DEVICE_FAMILY = "1,2";
			};
			name = Debug;
		};
		A67D390625DBCBEB00B8B309 /* Release */ = {
			isa = XCBuildConfiguration;
			buildSettings = {
				ASSETCATALOG_COMPILER_APPICON_NAME = AppIcon;
				ASSETCATALOG_COMPILER_GLOBAL_ACCENT_COLOR_NAME = AccentColor;
				CODE_SIGN_STYLE = Automatic;
				DEVELOPMENT_TEAM = T792HGNPDD;
				INFOPLIST_FILE = "News App v2/Info.plist";
				LD_RUNPATH_SEARCH_PATHS = (
					"$(inherited)",
					"@executable_path/Frameworks",
				);
				PRODUCT_BUNDLE_IDENTIFIER = "com.senducusin.News-App-v2";
				PRODUCT_NAME = "$(TARGET_NAME)";
				SWIFT_VERSION = 5.0;
				TARGETED_DEVICE_FAMILY = "1,2";
			};
			name = Release;
		};
/* End XCBuildConfiguration section */

/* Begin XCConfigurationList section */
		A67D38EB25DBCBEA00B8B309 /* Build configuration list for PBXProject "News App v2" */ = {
			isa = XCConfigurationList;
			buildConfigurations = (
				A67D390225DBCBEB00B8B309 /* Debug */,
				A67D390325DBCBEB00B8B309 /* Release */,
			);
			defaultConfigurationIsVisible = 0;
			defaultConfigurationName = Release;
		};
		A67D390425DBCBEB00B8B309 /* Build configuration list for PBXNativeTarget "News App v2" */ = {
			isa = XCConfigurationList;
			buildConfigurations = (
				A67D390525DBCBEB00B8B309 /* Debug */,
				A67D390625DBCBEB00B8B309 /* Release */,
			);
			defaultConfigurationIsVisible = 0;
			defaultConfigurationName = Release;
		};
/* End XCConfigurationList section */
	};
	rootObject = A67D38E825DBCBEA00B8B309 /* Project object */;
}
